
Microsoft Visual Studio Solution File, Format Version 12.00
# Visual Studio Version 16
VisualStudioVersion = 16.0.30717.126
MinimumVisualStudioVersion = 10.0.40219.1
Project("{2150E333-8FDC-42A3-9474-1A3956D46DE8}") = "src", "src", "{6027ED51-C090-4C65-AE50-63E584C2EC14}"
EndProject
Project("{9A19103F-16F7-4668-BE54-9A1E7A4F7556}") = "Travels.Api", "src\Travels\Travels.Api.csproj", "{78480718-CA76-4C19-8A88-82351D0BBE39}"
EndProject
Project("{9A19103F-16F7-4668-BE54-9A1E7A4F7556}") = "Travels.Core", "src\Travels.Core\Travels.Core.csproj", "{D8E5445F-3584-4D53-BA54-DD875EE850F2}"
EndProject
Project("{9A19103F-16F7-4668-BE54-9A1E7A4F7556}") = "Travels.Infrastructure", "src\Travels.Infrastructure\Travels.Infrastructure.csproj", "{6901C3F1-A884-43A0-87D3-E71CF2632914}"
EndProject
Project("{E53339B2-1760-4266-BCC7-CA923CBCF16C}") = "docker-compose", "docker-compose.dcproj", "{49E8E02C-7BCF-4194-BF9F-4FFDB5A9F081}"
EndProject
Project("{2150E333-8FDC-42A3-9474-1A3956D46DE8}") = "tests", "tests", "{B677FA44-DB46-4554-ADBA-5F0A47954779}"
EndProject
Project("{FAE04EC0-301F-11D3-BF4B-00C04F79EFBC}") = "Travels.Core.Tests", "tests\Travels.Core.Tests\Travels.Core.Tests.csproj", "{2D90BE6F-4CE8-4442-9DB5-0A6976CB74BF}"
EndProject
Project("{FAE04EC0-301F-11D3-BF4B-00C04F79EFBC}") = "Travels.Infrastructure.Tests", "tests\Travels.Infrastructure.Tests\Travels.Infrastructure.Tests.csproj", "{150A54CC-E2D3-4381-88F4-28DF1415ADD6}"
EndProject
Global
	GlobalSection(SolutionConfigurationPlatforms) = preSolution
		Debug|Any CPU = Debug|Any CPU
		Release|Any CPU = Release|Any CPU
	EndGlobalSection
	GlobalSection(ProjectConfigurationPlatforms) = postSolution
		{78480718-CA76-4C19-8A88-82351D0BBE39}.Debug|Any CPU.ActiveCfg = Debug|Any CPU
		{78480718-CA76-4C19-8A88-82351D0BBE39}.Debug|Any CPU.Build.0 = Debug|Any CPU
		{78480718-CA76-4C19-8A88-82351D0BBE39}.Release|Any CPU.ActiveCfg = Release|Any CPU
		{78480718-CA76-4C19-8A88-82351D0BBE39}.Release|Any CPU.Build.0 = Release|Any CPU
		{D8E5445F-3584-4D53-BA54-DD875EE850F2}.Debug|Any CPU.ActiveCfg = Debug|Any CPU
		{D8E5445F-3584-4D53-BA54-DD875EE850F2}.Debug|Any CPU.Build.0 = Debug|Any CPU
		{D8E5445F-3584-4D53-BA54-DD875EE850F2}.Release|Any CPU.ActiveCfg = Release|Any CPU
		{D8E5445F-3584-4D53-BA54-DD875EE850F2}.Release|Any CPU.Build.0 = Release|Any CPU
		{6901C3F1-A884-43A0-87D3-E71CF2632914}.Debug|Any CPU.ActiveCfg = Debug|Any CPU
		{6901C3F1-A884-43A0-87D3-E71CF2632914}.Debug|Any CPU.Build.0 = Debug|Any CPU
		{6901C3F1-A884-43A0-87D3-E71CF2632914}.Release|Any CPU.ActiveCfg = Release|Any CPU
		{6901C3F1-A884-43A0-87D3-E71CF2632914}.Release|Any CPU.Build.0 = Release|Any CPU
		{49E8E02C-7BCF-4194-BF9F-4FFDB5A9F081}.Debug|Any CPU.ActiveCfg = Debug|Any CPU
		{49E8E02C-7BCF-4194-BF9F-4FFDB5A9F081}.Debug|Any CPU.Build.0 = Debug|Any CPU
		{49E8E02C-7BCF-4194-BF9F-4FFDB5A9F081}.Release|Any CPU.ActiveCfg = Release|Any CPU
		{49E8E02C-7BCF-4194-BF9F-4FFDB5A9F081}.Release|Any CPU.Build.0 = Release|Any CPU
		{2D90BE6F-4CE8-4442-9DB5-0A6976CB74BF}.Debug|Any CPU.ActiveCfg = Debug|Any CPU
		{2D90BE6F-4CE8-4442-9DB5-0A6976CB74BF}.Debug|Any CPU.Build.0 = Debug|Any CPU
		{2D90BE6F-4CE8-4442-9DB5-0A6976CB74BF}.Release|Any CPU.ActiveCfg = Release|Any CPU
		{2D90BE6F-4CE8-4442-9DB5-0A6976CB74BF}.Release|Any CPU.Build.0 = Release|Any CPU
		{150A54CC-E2D3-4381-88F4-28DF1415ADD6}.Debug|Any CPU.ActiveCfg = Debug|Any CPU
		{150A54CC-E2D3-4381-88F4-28DF1415ADD6}.Debug|Any CPU.Build.0 = Debug|Any CPU
		{150A54CC-E2D3-4381-88F4-28DF1415ADD6}.Release|Any CPU.ActiveCfg = Release|Any CPU
		{150A54CC-E2D3-4381-88F4-28DF1415ADD6}.Release|Any CPU.Build.0 = Release|Any CPU
	EndGlobalSection
	GlobalSection(SolutionProperties) = preSolution
		HideSolutionNode = FALSE
	EndGlobalSection
	GlobalSection(NestedProjects) = preSolution
		{78480718-CA76-4C19-8A88-82351D0BBE39} = {6027ED51-C090-4C65-AE50-63E584C2EC14}
		{D8E5445F-3584-4D53-BA54-DD875EE850F2} = {6027ED51-C090-4C65-AE50-63E584C2EC14}
		{6901C3F1-A884-43A0-87D3-E71CF2632914} = {6027ED51-C090-4C65-AE50-63E584C2EC14}
		{2D90BE6F-4CE8-4442-9DB5-0A6976CB74BF} = {B677FA44-DB46-4554-ADBA-5F0A47954779}
		{150A54CC-E2D3-4381-88F4-28DF1415ADD6} = {B677FA44-DB46-4554-ADBA-5F0A47954779}
	EndGlobalSection
	GlobalSection(ExtensibilityGlobals) = postSolution
		SolutionGuid = {8778F381-C7E8-4F32-A0D5-F96CBA6F9CE6}
	EndGlobalSection
EndGlobal
